
Microsoft Visual Studio Solution File, Format Version 12.00
# Visual Studio 15
VisualStudioVersion = 15.0.27004.2005
MinimumVisualStudioVersion = 10.0.40219.1
Project("{FAE04EC0-301F-11D3-BF4B-00C04F79EFBC}") = "Basic16", "Basic16\Basic16.csproj", "{5EDC7900-AB71-4124-9CFD-9533D7FB5A10}"
EndProject
Global
	GlobalSection(SolutionConfigurationPlatforms) = preSolution
		Debug|Any CPU = Debug|Any CPU
		Release|Any CPU = Release|Any CPU
	EndGlobalSection
	GlobalSection(ProjectConfigurationPlatforms) = postSolution
		{5EDC7900-AB71-4124-9CFD-9533D7FB5A10}.Debug|Any CPU.ActiveCfg = Debug|Any CPU
		{5EDC7900-AB71-4124-9CFD-9533D7FB5A10}.Debug|Any CPU.Build.0 = Debug|Any CPU
		{5EDC7900-AB71-4124-9CFD-9533D7FB5A10}.Release|Any CPU.ActiveCfg = Release|Any CPU
		{5EDC7900-AB71-4124-9CFD-9533D7FB5A10}.Release|Any CPU.Build.0 = Release|Any CPU
	EndGlobalSection
	GlobalSection(SolutionProperties) = preSolution
		HideSolutionNode = FALSE
	EndGlobalSection
	GlobalSection(ExtensibilityGlobals) = postSolution
		SolutionGuid = {DC5617CF-75F2-4A11-903F-8298E8C373B3}
	EndGlobalSection
EndGlobal
