
Microsoft Visual Studio Solution File, Format Version 12.00
# Visual Studio 15
VisualStudioVersion = 15.0.27004.2002
MinimumVisualStudioVersion = 10.0.40219.1
Project("{FAE04EC0-301F-11D3-BF4B-00C04F79EFBC}") = "10_Classes", "10_Classes\10_Classes.csproj", "{68628031-0494-422F-B83B-725441D1B5D7}"
EndProject
Global
	GlobalSection(SolutionConfigurationPlatforms) = preSolution
		Debug|Any CPU = Debug|Any CPU
		Release|Any CPU = Release|Any CPU
	EndGlobalSection
	GlobalSection(ProjectConfigurationPlatforms) = postSolution
		{68628031-0494-422F-B83B-725441D1B5D7}.Debug|Any CPU.ActiveCfg = Debug|Any CPU
		{68628031-0494-422F-B83B-725441D1B5D7}.Debug|Any CPU.Build.0 = Debug|Any CPU
		{68628031-0494-422F-B83B-725441D1B5D7}.Release|Any CPU.ActiveCfg = Release|Any CPU
		{68628031-0494-422F-B83B-725441D1B5D7}.Release|Any CPU.Build.0 = Release|Any CPU
	EndGlobalSection
	GlobalSection(SolutionProperties) = preSolution
		HideSolutionNode = FALSE
	EndGlobalSection
	GlobalSection(ExtensibilityGlobals) = postSolution
		SolutionGuid = {EE093267-B9A0-4501-8487-AAFFE5C77D85}
	EndGlobalSection
EndGlobal
