
Microsoft Visual Studio Solution File, Format Version 12.00
# Visual Studio 15
VisualStudioVersion = 15.0.27004.2005
MinimumVisualStudioVersion = 10.0.40219.1
Project("{FAE04EC0-301F-11D3-BF4B-00C04F79EFBC}") = "Factorial_Loop", "Factorial_Loop\Factorial_Loop.csproj", "{6FBEADBE-FF2D-4BDC-A0E9-47520F51C496}"
EndProject
Global
	GlobalSection(SolutionConfigurationPlatforms) = preSolution
		Debug|Any CPU = Debug|Any CPU
		Release|Any CPU = Release|Any CPU
	EndGlobalSection
	GlobalSection(ProjectConfigurationPlatforms) = postSolution
		{6FBEADBE-FF2D-4BDC-A0E9-47520F51C496}.Debug|Any CPU.ActiveCfg = Debug|Any CPU
		{6FBEADBE-FF2D-4BDC-A0E9-47520F51C496}.Debug|Any CPU.Build.0 = Debug|Any CPU
		{6FBEADBE-FF2D-4BDC-A0E9-47520F51C496}.Release|Any CPU.ActiveCfg = Release|Any CPU
		{6FBEADBE-FF2D-4BDC-A0E9-47520F51C496}.Release|Any CPU.Build.0 = Release|Any CPU
	EndGlobalSection
	GlobalSection(SolutionProperties) = preSolution
		HideSolutionNode = FALSE
	EndGlobalSection
	GlobalSection(ExtensibilityGlobals) = postSolution
		SolutionGuid = {2F0DCBA3-13D0-4A5D-B3D2-4113569F1995}
	EndGlobalSection
EndGlobal
