
Microsoft Visual Studio Solution File, Format Version 12.00
# Visual Studio 15
VisualStudioVersion = 15.0.27004.2008
MinimumVisualStudioVersion = 10.0.40219.1
Project("{FAE04EC0-301F-11D3-BF4B-00C04F79EFBC}") = "ConsignemntShopUI", "ConsignemntShopUI\ConsignemntShopUI.csproj", "{B7F656CC-C8AF-4E7F-A24B-9C0B11A859CD}"
EndProject
Project("{FAE04EC0-301F-11D3-BF4B-00C04F79EFBC}") = "ConsignmentShopLibrary", "ConsignmentShopLibrary\ConsignmentShopLibrary.csproj", "{37531014-CFB3-462F-9A17-D356D5B82167}"
EndProject
Global
	GlobalSection(SolutionConfigurationPlatforms) = preSolution
		Debug|Any CPU = Debug|Any CPU
		Release|Any CPU = Release|Any CPU
	EndGlobalSection
	GlobalSection(ProjectConfigurationPlatforms) = postSolution
		{B7F656CC-C8AF-4E7F-A24B-9C0B11A859CD}.Debug|Any CPU.ActiveCfg = Debug|Any CPU
		{B7F656CC-C8AF-4E7F-A24B-9C0B11A859CD}.Debug|Any CPU.Build.0 = Debug|Any CPU
		{B7F656CC-C8AF-4E7F-A24B-9C0B11A859CD}.Release|Any CPU.ActiveCfg = Release|Any CPU
		{B7F656CC-C8AF-4E7F-A24B-9C0B11A859CD}.Release|Any CPU.Build.0 = Release|Any CPU
		{37531014-CFB3-462F-9A17-D356D5B82167}.Debug|Any CPU.ActiveCfg = Debug|Any CPU
		{37531014-CFB3-462F-9A17-D356D5B82167}.Debug|Any CPU.Build.0 = Debug|Any CPU
		{37531014-CFB3-462F-9A17-D356D5B82167}.Release|Any CPU.ActiveCfg = Release|Any CPU
		{37531014-CFB3-462F-9A17-D356D5B82167}.Release|Any CPU.Build.0 = Release|Any CPU
	EndGlobalSection
	GlobalSection(SolutionProperties) = preSolution
		HideSolutionNode = FALSE
	EndGlobalSection
	GlobalSection(ExtensibilityGlobals) = postSolution
		SolutionGuid = {EFA3DC98-0444-4D16-BD9C-F890D862C75B}
	EndGlobalSection
EndGlobal
