
Microsoft Visual Studio Solution File, Format Version 12.00
# Visual Studio 15
VisualStudioVersion = 15.0.28010.2041
MinimumVisualStudioVersion = 10.0.40219.1
Project("{FAE04EC0-301F-11D3-BF4B-00C04F79EFBC}") = "BinarSearchAlgo1", "BinarSearchAlgo1\BinarSearchAlgo1.csproj", "{AE950841-FF38-42DA-A03B-A5347E8777BB}"
EndProject
Global
	GlobalSection(SolutionConfigurationPlatforms) = preSolution
		Debug|Any CPU = Debug|Any CPU
		Release|Any CPU = Release|Any CPU
	EndGlobalSection
	GlobalSection(ProjectConfigurationPlatforms) = postSolution
		{AE950841-FF38-42DA-A03B-A5347E8777BB}.Debug|Any CPU.ActiveCfg = Debug|Any CPU
		{AE950841-FF38-42DA-A03B-A5347E8777BB}.Debug|Any CPU.Build.0 = Debug|Any CPU
		{AE950841-FF38-42DA-A03B-A5347E8777BB}.Release|Any CPU.ActiveCfg = Release|Any CPU
		{AE950841-FF38-42DA-A03B-A5347E8777BB}.Release|Any CPU.Build.0 = Release|Any CPU
	EndGlobalSection
	GlobalSection(SolutionProperties) = preSolution
		HideSolutionNode = FALSE
	EndGlobalSection
	GlobalSection(ExtensibilityGlobals) = postSolution
		SolutionGuid = {EB42FBC7-1AED-4B09-A4C3-021FAA7A2D80}
	EndGlobalSection
EndGlobal
