
Microsoft Visual Studio Solution File, Format Version 12.00
# Visual Studio 15
VisualStudioVersion = 15.0.27004.2002
MinimumVisualStudioVersion = 10.0.40219.1
Project("{FAE04EC0-301F-11D3-BF4B-00C04F79EFBC}") = "8_Methods", "8_Methods\8_Methods.csproj", "{8E8C703B-AF44-4797-887E-C2B5DCA8B169}"
EndProject
Global
	GlobalSection(SolutionConfigurationPlatforms) = preSolution
		Debug|Any CPU = Debug|Any CPU
		Release|Any CPU = Release|Any CPU
	EndGlobalSection
	GlobalSection(ProjectConfigurationPlatforms) = postSolution
		{8E8C703B-AF44-4797-887E-C2B5DCA8B169}.Debug|Any CPU.ActiveCfg = Debug|Any CPU
		{8E8C703B-AF44-4797-887E-C2B5DCA8B169}.Debug|Any CPU.Build.0 = Debug|Any CPU
		{8E8C703B-AF44-4797-887E-C2B5DCA8B169}.Release|Any CPU.ActiveCfg = Release|Any CPU
		{8E8C703B-AF44-4797-887E-C2B5DCA8B169}.Release|Any CPU.Build.0 = Release|Any CPU
	EndGlobalSection
	GlobalSection(SolutionProperties) = preSolution
		HideSolutionNode = FALSE
	EndGlobalSection
	GlobalSection(ExtensibilityGlobals) = postSolution
		SolutionGuid = {E1B10439-E824-40C9-9DA3-A2EFE199A4E6}
	EndGlobalSection
EndGlobal
