
Microsoft Visual Studio Solution File, Format Version 12.00
# Visual Studio 15
VisualStudioVersion = 15.0.28010.2048
MinimumVisualStudioVersion = 10.0.40219.1
Project("{FAE04EC0-301F-11D3-BF4B-00C04F79EFBC}") = "JumpSearchAlgorithm", "JumpSearchAlgorithm\JumpSearchAlgorithm.csproj", "{92AF8505-467A-4DE4-AE67-46DFBDD79E30}"
EndProject
Global
	GlobalSection(SolutionConfigurationPlatforms) = preSolution
		Debug|Any CPU = Debug|Any CPU
		Release|Any CPU = Release|Any CPU
	EndGlobalSection
	GlobalSection(ProjectConfigurationPlatforms) = postSolution
		{92AF8505-467A-4DE4-AE67-46DFBDD79E30}.Debug|Any CPU.ActiveCfg = Debug|Any CPU
		{92AF8505-467A-4DE4-AE67-46DFBDD79E30}.Debug|Any CPU.Build.0 = Debug|Any CPU
		{92AF8505-467A-4DE4-AE67-46DFBDD79E30}.Release|Any CPU.ActiveCfg = Release|Any CPU
		{92AF8505-467A-4DE4-AE67-46DFBDD79E30}.Release|Any CPU.Build.0 = Release|Any CPU
	EndGlobalSection
	GlobalSection(SolutionProperties) = preSolution
		HideSolutionNode = FALSE
	EndGlobalSection
	GlobalSection(ExtensibilityGlobals) = postSolution
		SolutionGuid = {BA442933-4C39-46AB-AD85-C1EB4E8B1A6B}
	EndGlobalSection
EndGlobal
